PODS:
  - BMSAnalyticsAPI (2.3.1)
  - BMSCore (2.6.0):
    - BMSAnalyticsAPI (~> 2.3)

DEPENDENCIES:
  - BMSCore (~> 2.4)

SPEC REPOS:
  https://github.com/cocoapods/specs.git:
    - BMSAnalyticsAPI
    - BMSCore

SPEC CHECKSUMS:
  BMSAnalyticsAPI: f9c740eb3c0857c0955e58a10321a96b5d85304e
  BMSCore: 969b124f0170d0113a0926e73118057ca7d1eab3

PODFILE CHECKSUM: e80a7d7ad79933b8fc203a435b3e57055e1352bc

COCOAPODS: 1.6.1
