PODS:
  - BMSAnalyticsAPI (2.2.0)
  - BMSCore (2.3.1):
    - BMSAnalyticsAPI (~> 2.2)

DEPENDENCIES:
  - BMSCore (~> 2.0)

SPEC CHECKSUMS:
  BMSAnalyticsAPI: 2dae02bc3321b944ae947a7d2f0f009d8035f8e7
  BMSCore: 59a1a6769d398f55b8bd83be647e084812b924e0

PODFILE CHECKSUM: d373590e70152d7be414811178c89b483ae77b5b

COCOAPODS: 1.2.0.beta.1
