PODS:
  - BMSAnalyticsAPI (1.1.1)
  - BMSCore (1.1.2):
    - BMSAnalyticsAPI (~> 1.1.0)

DEPENDENCIES:
  - BMSCore (~> 1.1)

SPEC CHECKSUMS:
  BMSAnalyticsAPI: 297b443a3d31f96aef8ab5ae9a3ce5da7e79c897
  BMSCore: d4126424aaf879aa90af004ba9b48b9d58e7fd13

PODFILE CHECKSUM: c33c01ec04cb71bc2ab8b07b765cf786efa4bc46

COCOAPODS: 1.1.0.beta.1
